github.com/dericbourg-dev/theme-anatole v0.0.0-20260202102544-c18d327003bd h1:ipaoS846HpPqqPtqB9PDMp/PcifuZbQkMWK32TlfNNA=
github.com/dericbourg-dev/theme-anatole v0.0.0-20260202102544-c18d327003bd/go.mod h1:hy61SRyUDKaWw2P+cERt9UPde5guWyVKgtjdzRF5bfI=
github.com/lxndrblz/anatole v1.18.0 h1:1ECGwdF1xsL0Q8yuN9bThth3WpcBoW7ZU6Gy1z5Rn24=
github.com/lxndrblz/anatole v1.18.0/go.mod h1:hy61SRyUDKaWw2P+cERt9UPde5guWyVKgtjdzRF5bfI=
